PODS:
  - AFNetworking (1.3.4)
  - Crashlytics (3.6.0):
    - Fabric (~> 1.6.3)
  - Fabric (1.6.4)
  - MFSideMenu (0.5.5)
  - Mixpanel (2.9.1):
    - Mixpanel/Mixpanel (= 2.9.1)
  - Mixpanel/Mixpanel (2.9.1)
  - OHHTTPStubs (5.1.0):
    - OHHTTPStubs/Default (= 5.1.0)
  - OHHTTPStubs/Core (5.1.0)
  - OHHTTPStubs/Default (5.1.0):
    - OHHTTPStubs/Core
    - OHHTTPStubs/JSON
    - OHHTTPStubs/NSURLSession
    - OHHTTPStubs/OHPathHelpers
  - OHHTTPStubs/JSON (5.1.0):
    - OHHTTPStubs/Core
  - OHHTTPStubs/NSURLSession (5.1.0):
    - OHHTTPStubs/Core
  - OHHTTPStubs/OHPathHelpers (5.1.0)
  - RestKit (0.20.3):
    - RestKit/Core (= 0.20.3)
  - RestKit/Core (0.20.3):
    - RestKit/CoreData
    - RestKit/Network
    - RestKit/ObjectMapping
  - RestKit/CoreData (0.20.3)
  - RestKit/Network (0.20.3):
    - AFNetworking (~> 1.3.0)
    - RestKit/ObjectMapping
    - RestKit/Support
    - SOCKit
  - RestKit/ObjectMapping (0.20.3)
  - RestKit/Support (0.20.3):
    - TransitionKit (= 1.1.1)
  - SOCKit (1.1)
  - TransitionKit (1.1.1)
  - ZXingObjC (3.1.0):
    - ZXingObjC/All (= 3.1.0)
  - ZXingObjC/All (3.1.0)

DEPENDENCIES:
  - Crashlytics
  - Fabric
  - MFSideMenu
  - Mixpanel
  - OHHTTPStubs
  - RestKit
  - ZXingObjC

SPEC CHECKSUMS:
  AFNetworking: cf8e418e16f0c9c7e5c3150d019a3c679d015018
  Crashlytics: e4e8d02914f2608fbc7bf42b1a7af838b0db67a2
  Fabric: ed41fd62173c6bdea24ab02c9d7707161eabb750
  MFSideMenu: 268122e6894f2747fc3a2b48578100b232506c60
  Mixpanel: 5ca24b2a05f4c77fe9bcfe7671d681d0f3f8d76f
  OHHTTPStubs: 592f74439d2d72615115cf99a954237a3fbe26e5
  RestKit: aac0c81c60d30fdd829d627d062f0eea231eb52c
  SOCKit: c7376ac262bea9115b8f749358f762522a47d392
  TransitionKit: aec4d65b2be460fec0db04f905e8bedca601d669
  ZXingObjC: bf15b3814f7a105b6d99f47da2333c93a063650a

PODFILE CHECKSUM: 545fb7744a7197efd18fc44883c803292c83b99c

COCOAPODS: 1.0.1
